
Microsoft Visual Studio Solution File, Format Version 12.00
# Visual Studio 14
VisualStudioVersion = 14.0.25420.1
MinimumVisualStudioVersion = 10.0.40219.1
Project("{FAE04EC0-301F-11D3-BF4B-00C04F79EFBC}") = "Fuzzy", "Fuzzy\Fuzzy.csproj", "{0A05DC18-6EED-4B79-B28A-EAC773B94B0C}"
EndProject
Project("{FAE04EC0-301F-11D3-BF4B-00C04F79EFBC}") = "Optimization", "Optimization\Optimization.csproj", "{1637FB4F-57EC-472B-A7FD-4041F4D30EE2}"
EndProject
Project("{FAE04EC0-301F-11D3-BF4B-00C04F79EFBC}") = "OptimizationTester", "OptimizationTester\OptimizationTester.csproj", "{ECD83A3A-ECA4-4A2E-AAED-DF4634656205}"
EndProject
Project("{FAE04EC0-301F-11D3-BF4B-00C04F79EFBC}") = "FuzzyManager", "FuzzyManager\FuzzyManager.csproj", "{F49E7F41-C798-4DCF-87E5-5154B64E482E}"
EndProject
Global
	GlobalSection(SolutionConfigurationPlatforms) = preSolution
		Debug|Any CPU = Debug|Any CPU
		Release|Any CPU = Release|Any CPU
	EndGlobalSection
	GlobalSection(ProjectConfigurationPlatforms) = postSolution
		{0A05DC18-6EED-4B79-B28A-EAC773B94B0C}.Debug|Any CPU.ActiveCfg = Debug|Any CPU
		{0A05DC18-6EED-4B79-B28A-EAC773B94B0C}.Debug|Any CPU.Build.0 = Debug|Any CPU
		{0A05DC18-6EED-4B79-B28A-EAC773B94B0C}.Release|Any CPU.ActiveCfg = Release|Any CPU
		{0A05DC18-6EED-4B79-B28A-EAC773B94B0C}.Release|Any CPU.Build.0 = Release|Any CPU
		{1637FB4F-57EC-472B-A7FD-4041F4D30EE2}.Debug|Any CPU.ActiveCfg = Debug|Any CPU
		{1637FB4F-57EC-472B-A7FD-4041F4D30EE2}.Debug|Any CPU.Build.0 = Debug|Any CPU
		{1637FB4F-57EC-472B-A7FD-4041F4D30EE2}.Release|Any CPU.ActiveCfg = Release|Any CPU
		{1637FB4F-57EC-472B-A7FD-4041F4D30EE2}.Release|Any CPU.Build.0 = Release|Any CPU
		{ECD83A3A-ECA4-4A2E-AAED-DF4634656205}.Debug|Any CPU.ActiveCfg = Debug|Any CPU
		{ECD83A3A-ECA4-4A2E-AAED-DF4634656205}.Debug|Any CPU.Build.0 = Debug|Any CPU
		{ECD83A3A-ECA4-4A2E-AAED-DF4634656205}.Release|Any CPU.ActiveCfg = Release|Any CPU
		{ECD83A3A-ECA4-4A2E-AAED-DF4634656205}.Release|Any CPU.Build.0 = Release|Any CPU
		{F49E7F41-C798-4DCF-87E5-5154B64E482E}.Debug|Any CPU.ActiveCfg = Debug|Any CPU
		{F49E7F41-C798-4DCF-87E5-5154B64E482E}.Debug|Any CPU.Build.0 = Debug|Any CPU
		{F49E7F41-C798-4DCF-87E5-5154B64E482E}.Release|Any CPU.ActiveCfg = Release|Any CPU
		{F49E7F41-C798-4DCF-87E5-5154B64E482E}.Release|Any CPU.Build.0 = Release|Any CPU
	EndGlobalSection
	GlobalSection(SolutionProperties) = preSolution
		HideSolutionNode = FALSE
	EndGlobalSection
EndGlobal
